// !$*UTF8*$!
{
	archiveVersion = 1;
	classes = {
	};
	objectVersion = 46;
	objects = {

/* Begin PBXBuildFile section */
		27773530ADCCFE3CBA0036C9 /* Pods_Boa.framework in Frameworks */ = {isa = PBXBuildFile; fileRef = CC26E85AD25AD95E3DD34828 /* Pods_Boa.framework */; };
		4D0990A31D87286000B75AF7 /* WeatherTableFooterView.swift in Sources */ = {isa = PBXBuildFile; fileRef = 4D0990A21D87286000B75AF7 /* WeatherTableFooterView.swift */; };
		4D34D7DE1D872B2E00F45BD9 /* UIImage+Utils.swift in Sources */ = {isa = PBXBuildFile; fileRef = 4D34D7DD1D872B2E00F45BD9 /* UIImage+Utils.swift */; };
		4D48FC411D8707A2001ADC56 /* ExpandingCellTransition.swift in Sources */ = {isa = PBXBuildFile; fileRef = 4D48FC401D8707A2001ADC56 /* ExpandingCellTransition.swift */; };
		4D48FC5B1D870DAE001ADC56 /* BaseStyle.swift in Sources */ = {isa = PBXBuildFile; fileRef = 4D48FC5A1D870DAE001ADC56 /* BaseStyle.swift */; };
		4D513D401D80C79600F6E499 /* AddCity.storyboard in Resources */ = {isa = PBXBuildFile; fileRef = 4D513D371D80C79600F6E499 /* AddCity.storyboard */; };
		4D513D411D80C79600F6E499 /* AddCityAssembly.swift in Sources */ = {isa = PBXBuildFile; fileRef = 4D513D381D80C79600F6E499 /* AddCityAssembly.swift */; };
		4D513D421D80C79600F6E499 /* AddCityDataManager.swift in Sources */ = {isa = PBXBuildFile; fileRef = 4D513D391D80C79600F6E499 /* AddCityDataManager.swift */; };
		4D513D431D80C79600F6E499 /* AddCityFeature.swift in Sources */ = {isa = PBXBuildFile; fileRef = 4D513D3A1D80C79600F6E499 /* AddCityFeature.swift */; };
		4D513D441D80C79600F6E499 /* AddCityInteractor.swift in Sources */ = {isa = PBXBuildFile; fileRef = 4D513D3B1D80C79600F6E499 /* AddCityInteractor.swift */; };
		4D513D451D80C79600F6E499 /* AddCityPresenter.swift in Sources */ = {isa = PBXBuildFile; fileRef = 4D513D3C1D80C79600F6E499 /* AddCityPresenter.swift */; };
		4D513D461D80C79600F6E499 /* AddCityRouter.swift in Sources */ = {isa = PBXBuildFile; fileRef = 4D513D3D1D80C79600F6E499 /* AddCityRouter.swift */; };
		4D513D471D80C79600F6E499 /* AddCityStyle.swift in Sources */ = {isa = PBXBuildFile; fileRef = 4D513D3E1D80C79600F6E499 /* AddCityStyle.swift */; };
		4D513D481D80C79600F6E499 /* AddCityViewController.swift in Sources */ = {isa = PBXBuildFile; fileRef = 4D513D3F1D80C79600F6E499 /* AddCityViewController.swift */; };
		4DBB89FB1D889FFC0076EBD5 /* WeatherDetail.storyboard in Resources */ = {isa = PBXBuildFile; fileRef = 4DBB89F11D889FFC0076EBD5 /* WeatherDetail.storyboard */; };
		4DBB89FC1D889FFC0076EBD5 /* WeatherDetailAssembly.swift in Sources */ = {isa = PBXBuildFile; fileRef = 4DBB89F21D889FFC0076EBD5 /* WeatherDetailAssembly.swift */; };
		4DBB89FD1D889FFC0076EBD5 /* WeatherDetailDataManager.swift in Sources */ = {isa = PBXBuildFile; fileRef = 4DBB89F31D889FFC0076EBD5 /* WeatherDetailDataManager.swift */; };
		4DBB89FE1D889FFC0076EBD5 /* WeatherDetailFeature.swift in Sources */ = {isa = PBXBuildFile; fileRef = 4DBB89F41D889FFC0076EBD5 /* WeatherDetailFeature.swift */; };
		4DBB89FF1D889FFC0076EBD5 /* WeatherDetailInteractor.swift in Sources */ = {isa = PBXBuildFile; fileRef = 4DBB89F51D889FFC0076EBD5 /* WeatherDetailInteractor.swift */; };
		4DBB8A001D889FFC0076EBD5 /* WeatherDetailPresenter.swift in Sources */ = {isa = PBXBuildFile; fileRef = 4DBB89F61D889FFC0076EBD5 /* WeatherDetailPresenter.swift */; };
		4DBB8A011D889FFC0076EBD5 /* WeatherDetailRouter.swift in Sources */ = {isa = PBXBuildFile; fileRef = 4DBB89F71D889FFC0076EBD5 /* WeatherDetailRouter.swift */; };
		4DBB8A021D889FFC0076EBD5 /* WeatherDetailStyle.swift in Sources */ = {isa = PBXBuildFile; fileRef = 4DBB89F81D889FFC0076EBD5 /* WeatherDetailStyle.swift */; };
		4DBB8A031D889FFC0076EBD5 /* WeatherDetailViewController.swift in Sources */ = {isa = PBXBuildFile; fileRef = 4DBB89F91D889FFC0076EBD5 /* WeatherDetailViewController.swift */; };
		4DBB8A041D889FFC0076EBD5 /* WeatherPageViewController.swift in Sources */ = {isa = PBXBuildFile; fileRef = 4DBB89FA1D889FFC0076EBD5 /* WeatherPageViewController.swift */; };
		903EDF551CC562CA00AF813C /* AppDelegate.swift in Sources */ = {isa = PBXBuildFile; fileRef = 903EDF541CC562CA00AF813C /* AppDelegate.swift */; };
		903EDF5C1CC562CA00AF813C /* Assets.xcassets in Resources */ = {isa = PBXBuildFile; fileRef = 903EDF5B1CC562CA00AF813C /* Assets.xcassets */; };
		903EDF5F1CC562CA00AF813C /* LaunchScreen.storyboard in Resources */ = {isa = PBXBuildFile; fileRef = 903EDF5D1CC562CA00AF813C /* LaunchScreen.storyboard */; };
		903EDF7C1CC5760400AF813C /* AppStateDaemon.swift in Sources */ = {isa = PBXBuildFile; fileRef = 903EDF7B1CC5760400AF813C /* AppStateDaemon.swift */; };
		903EDF7F1CC5764A00AF813C /* DaemonAssembly.swift in Sources */ = {isa = PBXBuildFile; fileRef = 903EDF7E1CC5764A00AF813C /* DaemonAssembly.swift */; };
		903EDF8D1CC5AA1100AF813C /* WeatherService.swift in Sources */ = {isa = PBXBuildFile; fileRef = 903EDF8C1CC5AA1100AF813C /* WeatherService.swift */; };
		903EDF8F1CC5AA2300AF813C /* ServiceAssembly.swift in Sources */ = {isa = PBXBuildFile; fileRef = 903EDF8E1CC5AA2300AF813C /* ServiceAssembly.swift */; };
		903EDF921CC5AA8100AF813C /* CityEntity.swift in Sources */ = {isa = PBXBuildFile; fileRef = 903EDF911CC5AA8100AF813C /* CityEntity.swift */; };
		903EDF941CC5AAAF00AF813C /* CityService.swift in Sources */ = {isa = PBXBuildFile; fileRef = 903EDF931CC5AAAF00AF813C /* CityService.swift */; };
		903EDF961CC5AAF800AF813C /* properties.json in Resources */ = {isa = PBXBuildFile; fileRef = 903EDF951CC5AAF800AF813C /* properties.json */; };
		903EDFF21CC6EFCC00AF813C /* Async.swift in Sources */ = {isa = PBXBuildFile; fileRef = 903EDFF11CC6EFCC00AF813C /* Async.swift */; };
		903EDFF51CC6F3A900AF813C /* WeatherTableViewCell.swift in Sources */ = {isa = PBXBuildFile; fileRef = 903EDFF41CC6F3A900AF813C /* WeatherTableViewCell.swift */; };
		903EDFF71CC6F7A300AF813C /* WeatherReportEntity.swift in Sources */ = {isa = PBXBuildFile; fileRef = 903EDFF61CC6F7A300AF813C /* WeatherReportEntity.swift */; };
		903EDFFB1CC6F9C300AF813C /* Temperature.swift in Sources */ = {isa = PBXBuildFile; fileRef = 903EDFFA1CC6F9C300AF813C /* Temperature.swift */; };
		903EDFFE1CC6FFED00AF813C /* UIColor+Boa.swift in Sources */ = {isa = PBXBuildFile; fileRef = 903EDFFD1CC6FFED00AF813C /* UIColor+Boa.swift */; };
		903EE0091CC807B100AF813C /* Weather.storyboard in Resources */ = {isa = PBXBuildFile; fileRef = 903EE0001CC807B100AF813C /* Weather.storyboard */; };
		903EE00A1CC807B100AF813C /* WeatherAssembly.swift in Sources */ = {isa = PBXBuildFile; fileRef = 903EE0011CC807B100AF813C /* WeatherAssembly.swift */; };
		903EE00B1CC807B100AF813C /* WeatherDataManager.swift in Sources */ = {isa = PBXBuildFile; fileRef = 903EE0021CC807B100AF813C /* WeatherDataManager.swift */; };
		903EE00C1CC807B100AF813C /* WeatherFeature.swift in Sources */ = {isa = PBXBuildFile; fileRef = 903EE0031CC807B100AF813C /* WeatherFeature.swift */; };
		903EE00D1CC807B100AF813C /* WeatherInteractor.swift in Sources */ = {isa = PBXBuildFile; fileRef = 903EE0041CC807B100AF813C /* WeatherInteractor.swift */; };
		903EE00E1CC807B100AF813C /* WeatherPresenter.swift in Sources */ = {isa = PBXBuildFile; fileRef = 903EE0051CC807B100AF813C /* WeatherPresenter.swift */; };
		903EE00F1CC807B100AF813C /* WeatherRouter.swift in Sources */ = {isa = PBXBuildFile; fileRef = 903EE0061CC807B100AF813C /* WeatherRouter.swift */; };
		903EE0101CC807B100AF813C /* WeatherStyle.swift in Sources */ = {isa = PBXBuildFile; fileRef = 903EE0071CC807B100AF813C /* WeatherStyle.swift */; };
		903EE0111CC807B100AF813C /* WeatherViewController.swift in Sources */ = {isa = PBXBuildFile; fileRef = 903EE0081CC807B100AF813C /* WeatherViewController.swift */; };
		E25F1C54E5EC346417B5C56F /* Pods_BoaBase_Boa.framework in Frameworks */ = {isa = PBXBuildFile; fileRef = A768E47E9487AA5B09D3AF31 /* Pods_BoaBase_Boa.framework */; };
/* End PBXBuildFile section */

/* Begin PBXFileReference section */
		00EB99502BBD5D2153FD3F4A /* Pods-Boa.debug.xcconfig */ = {isa = PBXFileReference; includeInIndex = 1; lastKnownFileType = text.xcconfig; name = "Pods-Boa.debug.xcconfig"; path = "Pods/Target Support Files/Pods-Boa/Pods-Boa.debug.xcconfig"; sourceTree = "<group>"; };
		0772FD36716CCCB42CE7CF6C /* Pods-BoaBase-Boa.release.xcconfig */ = {isa = PBXFileReference; includeInIndex = 1; lastKnownFileType = text.xcconfig; name = "Pods-BoaBase-Boa.release.xcconfig"; path = "Pods/Target Support Files/Pods-BoaBase-Boa/Pods-BoaBase-Boa.release.xcconfig"; sourceTree = "<group>"; };
		2AE8E8D279E534996978A8DB /* Pods-Boa.release.xcconfig */ = {isa = PBXFileReference; includeInIndex = 1; lastKnownFileType = text.xcconfig; name = "Pods-Boa.release.xcconfig"; path = "Pods/Target Support Files/Pods-Boa/Pods-Boa.release.xcconfig"; sourceTree = "<group>"; };
		4D0990A21D87286000B75AF7 /* WeatherTableFooterView.swift */ = {isa = PBXFileReference; fileEncoding = 4; lastKnownFileType = sourcecode.swift; path = WeatherTableFooterView.swift; sourceTree = "<group>"; };
		4D34D7DD1D872B2E00F45BD9 /* UIImage+Utils.swift */ = {isa = PBXFileReference; fileEncoding = 4; lastKnownFileType = sourcecode.swift; path = "UIImage+Utils.swift"; sourceTree = "<group>"; };
		4D48FC401D8707A2001ADC56 /* ExpandingCellTransition.swift */ = {isa = PBXFileReference; fileEncoding = 4; lastKnownFileType = sourcecode.swift; name = ExpandingCellTransition.swift; path = Boa/ExpandingCellTransition.swift; sourceTree = SOURCE_ROOT; };
		4D48FC5A1D870DAE001ADC56 /* BaseStyle.swift */ = {isa = PBXFileReference; fileEncoding = 4; lastKnownFileType = sourcecode.swift; path = BaseStyle.swift; sourceTree = "<group>"; };
		4D513D371D80C79600F6E499 /* AddCity.storyboard */ = {isa = PBXFileReference; fileEncoding = 4; lastKnownFileType = file.storyboard; path = AddCity.storyboard; sourceTree = "<group>"; };
		4D513D381D80C79600F6E499 /* AddCityAssembly.swift */ = {isa = PBXFileReference; fileEncoding = 4; lastKnownFileType = sourcecode.swift; path = AddCityAssembly.swift; sourceTree = "<group>"; };
		4D513D391D80C79600F6E499 /* AddCityDataManager.swift */ = {isa = PBXFileReference; fileEncoding = 4; lastKnownFileType = sourcecode.swift; path = AddCityDataManager.swift; sourceTree = "<group>"; };
		4D513D3A1D80C79600F6E499 /* AddCityFeature.swift */ = {isa = PBXFileReference; fileEncoding = 4; lastKnownFileType = sourcecode.swift; path = AddCityFeature.swift; sourceTree = "<group>"; };
		4D513D3B1D80C79600F6E499 /* AddCityInteractor.swift */ = {isa = PBXFileReference; fileEncoding = 4; lastKnownFileType = sourcecode.swift; path = AddCityInteractor.swift; sourceTree = "<group>"; };
		4D513D3C1D80C79600F6E499 /* AddCityPresenter.swift */ = {isa = PBXFileReference; fileEncoding = 4; lastKnownFileType = sourcecode.swift; path = AddCityPresenter.swift; sourceTree = "<group>"; };
		4D513D3D1D80C79600F6E499 /* AddCityRouter.swift */ = {isa = PBXFileReference; fileEncoding = 4; lastKnownFileType = sourcecode.swift; path = AddCityRouter.swift; sourceTree = "<group>"; };
		4D513D3E1D80C79600F6E499 /* AddCityStyle.swift */ = {isa = PBXFileReference; fileEncoding = 4; lastKnownFileType = sourcecode.swift; path = AddCityStyle.swift; sourceTree = "<group>"; };
		4D513D3F1D80C79600F6E499 /* AddCityViewController.swift */ = {isa = PBXFileReference; fileEncoding = 4; lastKnownFileType = sourcecode.swift; path = AddCityViewController.swift; sourceTree = "<group>"; };
		4DBB89F11D889FFC0076EBD5 /* WeatherDetail.storyboard */ = {isa = PBXFileReference; fileEncoding = 4; lastKnownFileType = file.storyboard; name = WeatherDetail.storyboard; path = WeatherDetail/WeatherDetail.storyboard; sourceTree = "<group>"; };
		4DBB89F21D889FFC0076EBD5 /* WeatherDetailAssembly.swift */ = {isa = PBXFileReference; fileEncoding = 4; lastKnownFileType = sourcecode.swift; name = WeatherDetailAssembly.swift; path = WeatherDetail/WeatherDetailAssembly.swift; sourceTree = "<group>"; };
		4DBB89F31D889FFC0076EBD5 /* WeatherDetailDataManager.swift */ = {isa = PBXFileReference; fileEncoding = 4; lastKnownFileType = sourcecode.swift; name = WeatherDetailDataManager.swift; path = WeatherDetail/WeatherDetailDataManager.swift; sourceTree = "<group>"; };
		4DBB89F41D889FFC0076EBD5 /* WeatherDetailFeature.swift */ = {isa = PBXFileReference; fileEncoding = 4; lastKnownFileType = sourcecode.swift; name = WeatherDetailFeature.swift; path = WeatherDetail/WeatherDetailFeature.swift; sourceTree = "<group>"; };
		4DBB89F51D889FFC0076EBD5 /* WeatherDetailInteractor.swift */ = {isa = PBXFileReference; fileEncoding = 4; lastKnownFileType = sourcecode.swift; name = WeatherDetailInteractor.swift; path = WeatherDetail/WeatherDetailInteractor.swift; sourceTree = "<group>"; };
		4DBB89F61D889FFC0076EBD5 /* WeatherDetailPresenter.swift */ = {isa = PBXFileReference; fileEncoding = 4; lastKnownFileType = sourcecode.swift; name = WeatherDetailPresenter.swift; path = WeatherDetail/WeatherDetailPresenter.swift; sourceTree = "<group>"; };
		4DBB89F71D889FFC0076EBD5 /* WeatherDetailRouter.swift */ = {isa = PBXFileReference; fileEncoding = 4; lastKnownFileType = sourcecode.swift; name = WeatherDetailRouter.swift; path = WeatherDetail/WeatherDetailRouter.swift; sourceTree = "<group>"; };
		4DBB89F81D889FFC0076EBD5 /* WeatherDetailStyle.swift */ = {isa = PBXFileReference; fileEncoding = 4; lastKnownFileType = sourcecode.swift; name = WeatherDetailStyle.swift; path = WeatherDetail/WeatherDetailStyle.swift; sourceTree = "<group>"; };
		4DBB89F91D889FFC0076EBD5 /* WeatherDetailViewController.swift */ = {isa = PBXFileReference; fileEncoding = 4; lastKnownFileType = sourcecode.swift; name = WeatherDetailViewController.swift; path = WeatherDetail/WeatherDetailViewController.swift; sourceTree = "<group>"; };
		4DBB89FA1D889FFC0076EBD5 /* WeatherPageViewController.swift */ = {isa = PBXFileReference; fileEncoding = 4; lastKnownFileType = sourcecode.swift; name = WeatherPageViewController.swift; path = WeatherDetail/WeatherPageViewController.swift; sourceTree = "<group>"; };
		579AFB0719B3679F36997489 /* Pods-BoaBase-Boa.debug.xcconfig */ = {isa = PBXFileReference; includeInIndex = 1; lastKnownFileType = text.xcconfig; name = "Pods-BoaBase-Boa.debug.xcconfig"; path = "Pods/Target Support Files/Pods-BoaBase-Boa/Pods-BoaBase-Boa.debug.xcconfig"; sourceTree = "<group>"; };
		903EDF511CC562CA00AF813C /* Boa.app */ = {isa = PBXFileReference; explicitFileType = wrapper.application; includeInIndex = 0; path = Boa.app; sourceTree = BUILT_PRODUCTS_DIR; };
		903EDF541CC562CA00AF813C /* AppDelegate.swift */ = {isa = PBXFileReference; lastKnownFileType = sourcecode.swift; path = AppDelegate.swift; sourceTree = "<group>"; };
		903EDF5B1CC562CA00AF813C /* Assets.xcassets */ = {isa = PBXFileReference; lastKnownFileType = folder.assetcatalog; path = Assets.xcassets; sourceTree = "<group>"; };
		903EDF5E1CC562CA00AF813C /* Base */ = {isa = PBXFileReference; lastKnownFileType = file.storyboard; name = Base; path = Base.lproj/LaunchScreen.storyboard; sourceTree = "<group>"; };
		903EDF601CC562CA00AF813C /* Info.plist */ = {isa = PBXFileReference; lastKnownFileType = text.plist.xml; path = Info.plist; sourceTree = "<group>"; };
		903EDF7B1CC5760400AF813C /* AppStateDaemon.swift */ = {isa = PBXFileReference; fileEncoding = 4; lastKnownFileType = sourcecode.swift; path = AppStateDaemon.swift; sourceTree = "<group>"; };
		903EDF7E1CC5764A00AF813C /* DaemonAssembly.swift */ = {isa = PBXFileReference; fileEncoding = 4; lastKnownFileType = sourcecode.swift; path = DaemonAssembly.swift; sourceTree = "<group>"; };
		903EDF8C1CC5AA1100AF813C /* WeatherService.swift */ = {isa = PBXFileReference; fileEncoding = 4; lastKnownFileType = sourcecode.swift; path = WeatherService.swift; sourceTree = "<group>"; };
		903EDF8E1CC5AA2300AF813C /* ServiceAssembly.swift */ = {isa = PBXFileReference; fileEncoding = 4; lastKnownFileType = sourcecode.swift; path = ServiceAssembly.swift; sourceTree = "<group>"; };
		903EDF911CC5AA8100AF813C /* CityEntity.swift */ = {isa = PBXFileReference; fileEncoding = 4; lastKnownFileType = sourcecode.swift; path = CityEntity.swift; sourceTree = "<group>"; };
		903EDF931CC5AAAF00AF813C /* CityService.swift */ = {isa = PBXFileReference; fileEncoding = 4; lastKnownFileType = sourcecode.swift; path = CityService.swift; sourceTree = "<group>"; };
		903EDF951CC5AAF800AF813C /* properties.json */ = {isa = PBXFileReference; fileEncoding = 4; lastKnownFileType = text.json; path = properties.json; sourceTree = "<group>"; };
		903EDFF11CC6EFCC00AF813C /* Async.swift */ = {isa = PBXFileReference; fileEncoding = 4; lastKnownFileType = sourcecode.swift; path = Async.swift; sourceTree = "<group>"; };
		903EDFF41CC6F3A900AF813C /* WeatherTableViewCell.swift */ = {isa = PBXFileReference; fileEncoding = 4; lastKnownFileType = sourcecode.swift; path = WeatherTableViewCell.swift; sourceTree = "<group>"; };
		903EDFF61CC6F7A300AF813C /* WeatherReportEntity.swift */ = {isa = PBXFileReference; fileEncoding = 4; lastKnownFileType = sourcecode.swift; path = WeatherReportEntity.swift; sourceTree = "<group>"; };
		903EDFFA1CC6F9C300AF813C /* Temperature.swift */ = {isa = PBXFileReference; fileEncoding = 4; lastKnownFileType = sourcecode.swift; path = Temperature.swift; sourceTree = "<group>"; };
		903EDFFD1CC6FFED00AF813C /* UIColor+Boa.swift */ = {isa = PBXFileReference; fileEncoding = 4; lastKnownFileType = sourcecode.swift; path = "UIColor+Boa.swift"; sourceTree = "<group>"; };
		903EE0001CC807B100AF813C /* Weather.storyboard */ = {isa = PBXFileReference; fileEncoding = 4; lastKnownFileType = file.storyboard; path = Weather.storyboard; sourceTree = "<group>"; };
		903EE0011CC807B100AF813C /* WeatherAssembly.swift */ = {isa = PBXFileReference; fileEncoding = 4; lastKnownFileType = sourcecode.swift; path = WeatherAssembly.swift; sourceTree = "<group>"; };
		903EE0021CC807B100AF813C /* WeatherDataManager.swift */ = {isa = PBXFileReference; fileEncoding = 4; lastKnownFileType = sourcecode.swift; path = WeatherDataManager.swift; sourceTree = "<group>"; };
		903EE0031CC807B100AF813C /* WeatherFeature.swift */ = {isa = PBXFileReference; fileEncoding = 4; lastKnownFileType = sourcecode.swift; path = WeatherFeature.swift; sourceTree = "<group>"; };
		903EE0041CC807B100AF813C /* WeatherInteractor.swift */ = {isa = PBXFileReference; fileEncoding = 4; lastKnownFileType = sourcecode.swift; path = WeatherInteractor.swift; sourceTree = "<group>"; };
		903EE0051CC807B100AF813C /* WeatherPresenter.swift */ = {isa = PBXFileReference; fileEncoding = 4; lastKnownFileType = sourcecode.swift; path = WeatherPresenter.swift; sourceTree = "<group>"; };
		903EE0061CC807B100AF813C /* WeatherRouter.swift */ = {isa = PBXFileReference; fileEncoding = 4; lastKnownFileType = sourcecode.swift; path = WeatherRouter.swift; sourceTree = "<group>"; };
		903EE0071CC807B100AF813C /* WeatherStyle.swift */ = {isa = PBXFileReference; fileEncoding = 4; lastKnownFileType = sourcecode.swift; path = WeatherStyle.swift; sourceTree = "<group>"; };
		903EE0081CC807B100AF813C /* WeatherViewController.swift */ = {isa = PBXFileReference; fileEncoding = 4; lastKnownFileType = sourcecode.swift; path = WeatherViewController.swift; sourceTree = "<group>"; };
		A768E47E9487AA5B09D3AF31 /* Pods_BoaBase_Boa.framework */ = {isa = PBXFileReference; explicitFileType = wrapper.framework; includeInIndex = 0; path = Pods_BoaBase_Boa.framework; sourceTree = BUILT_PRODUCTS_DIR; };
		CC26E85AD25AD95E3DD34828 /* Pods_Boa.framework */ = {isa = PBXFileReference; explicitFileType = wrapper.framework; includeInIndex = 0; path = Pods_Boa.framework; sourceTree = BUILT_PRODUCTS_DIR; };
		DE3448BEDC4A04610145286B /* Pods.framework */ = {isa = PBXFileReference; explicitFileType = wrapper.framework; includeInIndex = 0; path = Pods.framework; sourceTree = BUILT_PRODUCTS_DIR; };
/* End PBXFileReference section */

/* Begin PBXFrameworksBuildPhase section */
		903EDF4E1CC562CA00AF813C /* Frameworks */ = {
			isa = PBXFrameworksBuildPhase;
			buildActionMask = 2147483647;
			files = (
				E25F1C54E5EC346417B5C56F /* Pods_BoaBase_Boa.framework in Frameworks */,
				27773530ADCCFE3CBA0036C9 /* Pods_Boa.framework in Frameworks */,
			);
			runOnlyForDeploymentPostprocessing = 0;
		};
/* End PBXFrameworksBuildPhase section */

/* Begin PBXGroup section */
		4D48FC421D870823001ADC56 /* WeatherDetail */ = {
			isa = PBXGroup;
			children = (
				4DBB89F11D889FFC0076EBD5 /* WeatherDetail.storyboard */,
				4DBB89F21D889FFC0076EBD5 /* WeatherDetailAssembly.swift */,
				4DBB89F31D889FFC0076EBD5 /* WeatherDetailDataManager.swift */,
				4DBB89F41D889FFC0076EBD5 /* WeatherDetailFeature.swift */,
				4DBB89F51D889FFC0076EBD5 /* WeatherDetailInteractor.swift */,
				4DBB89F61D889FFC0076EBD5 /* WeatherDetailPresenter.swift */,
				4DBB89F71D889FFC0076EBD5 /* WeatherDetailRouter.swift */,
				4DBB89F81D889FFC0076EBD5 /* WeatherDetailStyle.swift */,
				4DBB89F91D889FFC0076EBD5 /* WeatherDetailViewController.swift */,
				4DBB89FA1D889FFC0076EBD5 /* WeatherPageViewController.swift */,
			);
			name = WeatherDetail;
			sourceTree = "<group>";
		};
		4D48FC591D870DA1001ADC56 /* Styles */ = {
			isa = PBXGroup;
			children = (
				4D48FC5A1D870DAE001ADC56 /* BaseStyle.swift */,
			);
			path = Styles;
			sourceTree = "<group>";
		};
		4D513D361D80C77C00F6E499 /* AddCity */ = {
			isa = PBXGroup;
			children = (
				4D513D371D80C79600F6E499 /* AddCity.storyboard */,
				4D513D381D80C79600F6E499 /* AddCityAssembly.swift */,
				4D513D391D80C79600F6E499 /* AddCityDataManager.swift */,
				4D513D3A1D80C79600F6E499 /* AddCityFeature.swift */,
				4D513D3B1D80C79600F6E499 /* AddCityInteractor.swift */,
				4D513D3C1D80C79600F6E499 /* AddCityPresenter.swift */,
				4D513D3D1D80C79600F6E499 /* AddCityRouter.swift */,
				4D513D3E1D80C79600F6E499 /* AddCityStyle.swift */,
				4D513D3F1D80C79600F6E499 /* AddCityViewController.swift */,
			);
			path = AddCity;
			sourceTree = "<group>";
		};
		903EDF481CC562CA00AF813C = {
			isa = PBXGroup;
			children = (
				903EDF531CC562CA00AF813C /* Boa */,
				903EDF521CC562CA00AF813C /* Products */,
				E0E36A134C3EF192AAC92BF7 /* Frameworks */,
				E35279F20215AA35A870D367 /* Pods */,
			);
			sourceTree = "<group>";
		};
		903EDF521CC562CA00AF813C /* Products */ = {
			isa = PBXGroup;
			children = (
				903EDF511CC562CA00AF813C /* Boa.app */,
			);
			name = Products;
			sourceTree = "<group>";
		};
		903EDF531CC562CA00AF813C /* Boa */ = {
			isa = PBXGroup;
			children = (
				4D48FC591D870DA1001ADC56 /* Styles */,
				903EDF7D1CC5763500AF813C /* Assemblies */,
				903EDF901CC5AA6500AF813C /* Entities */,
				903EDFFC1CC6FFD000AF813C /* Extensions */,
				903EDF7A1CC575E300AF813C /* Daemons */,
				903EDF661CC5654B00AF813C /* Modules */,
				903EDF8B1CC5A9F300AF813C /* Services */,
				903EDF541CC562CA00AF813C /* AppDelegate.swift */,
				4D48FC401D8707A2001ADC56 /* ExpandingCellTransition.swift */,
				903EDFF11CC6EFCC00AF813C /* Async.swift */,
				903EDF951CC5AAF800AF813C /* properties.json */,
				903EDF5B1CC562CA00AF813C /* Assets.xcassets */,
				903EDF5D1CC562CA00AF813C /* LaunchScreen.storyboard */,
				903EDF601CC562CA00AF813C /* Info.plist */,
			);
			path = Boa;
			sourceTree = "<group>";
		};
		903EDF661CC5654B00AF813C /* Modules */ = {
			isa = PBXGroup;
			children = (
				4D48FC421D870823001ADC56 /* WeatherDetail */,
				4D513D361D80C77C00F6E499 /* AddCity */,
				903EDFA61CC6E77D00AF813C /* Weather */,
			);
			path = Modules;
			sourceTree = "<group>";
		};
		903EDF7A1CC575E300AF813C /* Daemons */ = {
			isa = PBXGroup;
			children = (
				903EDF7B1CC5760400AF813C /* AppStateDaemon.swift */,
			);
			path = Daemons;
			sourceTree = "<group>";
		};
		903EDF7D1CC5763500AF813C /* Assemblies */ = {
			isa = PBXGroup;
			children = (
				903EDF7E1CC5764A00AF813C /* DaemonAssembly.swift */,
				903EDF8E1CC5AA2300AF813C /* ServiceAssembly.swift */,
			);
			path = Assemblies;
			sourceTree = "<group>";
		};
		903EDF8B1CC5A9F300AF813C /* Services */ = {
			isa = PBXGroup;
			children = (
				903EDF931CC5AAAF00AF813C /* CityService.swift */,
				903EDF8C1CC5AA1100AF813C /* WeatherService.swift */,
			);
			path = Services;
			sourceTree = "<group>";
		};
		903EDF901CC5AA6500AF813C /* Entities */ = {
			isa = PBXGroup;
			children = (
				903EDF911CC5AA8100AF813C /* CityEntity.swift */,
				903EDFF61CC6F7A300AF813C /* WeatherReportEntity.swift */,
				903EDFFA1CC6F9C300AF813C /* Temperature.swift */,
			);
			path = Entities;
			sourceTree = "<group>";
		};
		903EDFA61CC6E77D00AF813C /* Weather */ = {
			isa = PBXGroup;
			children = (
				903EDFF31CC6F39300AF813C /* Views */,
				903EE0001CC807B100AF813C /* Weather.storyboard */,
				903EE0011CC807B100AF813C /* WeatherAssembly.swift */,
				903EE0021CC807B100AF813C /* WeatherDataManager.swift */,
				903EE0031CC807B100AF813C /* WeatherFeature.swift */,
				903EE0041CC807B100AF813C /* WeatherInteractor.swift */,
				903EE0051CC807B100AF813C /* WeatherPresenter.swift */,
				903EE0061CC807B100AF813C /* WeatherRouter.swift */,
				903EE0071CC807B100AF813C /* WeatherStyle.swift */,
				903EE0081CC807B100AF813C /* WeatherViewController.swift */,
			);
			path = Weather;
			sourceTree = "<group>";
		};
		903EDFF31CC6F39300AF813C /* Views */ = {
			isa = PBXGroup;
			children = (
				903EDFF41CC6F3A900AF813C /* WeatherTableViewCell.swift */,
				4D0990A21D87286000B75AF7 /* WeatherTableFooterView.swift */,
			);
			path = Views;
			sourceTree = "<group>";
		};
		903EDFFC1CC6FFD000AF813C /* Extensions */ = {
			isa = PBXGroup;
			children = (
				4D34D7DD1D872B2E00F45BD9 /* UIImage+Utils.swift */,
				903EDFFD1CC6FFED00AF813C /* UIColor+Boa.swift */,
			);
			path = Extensions;
			sourceTree = "<group>";
		};
		E0E36A134C3EF192AAC92BF7 /* Frameworks */ = {
			isa = PBXGroup;
			children = (
				DE3448BEDC4A04610145286B /* Pods.framework */,
				A768E47E9487AA5B09D3AF31 /* Pods_BoaBase_Boa.framework */,
				CC26E85AD25AD95E3DD34828 /* Pods_Boa.framework */,
			);
			name = Frameworks;
			sourceTree = "<group>";
		};
		E35279F20215AA35A870D367 /* Pods */ = {
			isa = PBXGroup;
			children = (
				579AFB0719B3679F36997489 /* Pods-BoaBase-Boa.debug.xcconfig */,
				0772FD36716CCCB42CE7CF6C /* Pods-BoaBase-Boa.release.xcconfig */,
				00EB99502BBD5D2153FD3F4A /* Pods-Boa.debug.xcconfig */,
				2AE8E8D279E534996978A8DB /* Pods-Boa.release.xcconfig */,
			);
			name = Pods;
			sourceTree = "<group>";
		};
/* End PBXGroup section */

/* Begin PBXNativeTarget section */
		903EDF501CC562CA00AF813C /* Boa */ = {
			isa = PBXNativeTarget;
			buildConfigurationList = 903EDF631CC562CA00AF813C /* Build configuration list for PBXNativeTarget "Boa" */;
			buildPhases = (
				6C2F9EEE8C86CF9281E36B28 /* [CP] Check Pods Manifest.lock */,
				903EDF4D1CC562CA00AF813C /* Sources */,
				903EDF4E1CC562CA00AF813C /* Frameworks */,
				903EDF4F1CC562CA00AF813C /* Resources */,
				66AFE61C1824AC821E7171ED /* [CP] Embed Pods Frameworks */,
				78D0E43B1B6B7BFA386EB952 /* [CP] Copy Pods Resources */,
			);
			buildRules = (
			);
			dependencies = (
			);
			name = Boa;
			productName = Boa;
			productReference = 903EDF511CC562CA00AF813C /* Boa.app */;
			productType = "com.apple.product-type.application";
		};
/* End PBXNativeTarget section */

/* Begin PBXProject section */
		903EDF491CC562CA00AF813C /* Project object */ = {
			isa = PBXProject;
			attributes = {
				LastSwiftUpdateCheck = 0730;
				LastUpgradeCheck = 0730;
				ORGANIZATIONNAME = com.locationlabs;
				TargetAttributes = {
					903EDF501CC562CA00AF813C = {
						CreatedOnToolsVersion = 7.3;
						DevelopmentTeam = EX6732J87R;
						LastSwiftMigration = 0800;
					};
				};
			};
			buildConfigurationList = 903EDF4C1CC562CA00AF813C /* Build configuration list for PBXProject "Boa" */;
			compatibilityVersion = "Xcode 3.2";
			developmentRegion = English;
			hasScannedForEncodings = 0;
			knownRegions = (
				en,
				Base,
			);
			mainGroup = 903EDF481CC562CA00AF813C;
			productRefGroup = 903EDF521CC562CA00AF813C /* Products */;
			projectDirPath = "";
			projectRoot = "";
			targets = (
				903EDF501CC562CA00AF813C /* Boa */,
			);
		};
/* End PBXProject section */

/* Begin PBXResourcesBuildPhase section */
		903EDF4F1CC562CA00AF813C /* Resources */ = {
			isa = PBXResourcesBuildPhase;
			buildActionMask = 2147483647;
			files = (
				4D513D401D80C79600F6E499 /* AddCity.storyboard in Resources */,
				903EDF961CC5AAF800AF813C /* properties.json in Resources */,
				4DBB89FB1D889FFC0076EBD5 /* WeatherDetail.storyboard in Resources */,
				903EE0091CC807B100AF813C /* Weather.storyboard in Resources */,
				903EDF5F1CC562CA00AF813C /* LaunchScreen.storyboard in Resources */,
				903EDF5C1CC562CA00AF813C /* Assets.xcassets in Resources */,
			);
			runOnlyForDeploymentPostprocessing = 0;
		};
/* End PBXResourcesBuildPhase section */

/* Begin PBXShellScriptBuildPhase section */
		66AFE61C1824AC821E7171ED /* [CP] Embed Pods Frameworks */ = {
			isa = PBXShellScriptBuildPhase;
			buildActionMask = 2147483647;
			files = (
			);
			inputPaths = (
			);
			name = "[CP] Embed Pods Frameworks";
			outputPaths = (
			);
			runOnlyForDeploymentPostprocessing = 0;
			shellPath = /bin/sh;
			shellScript = "\"${SRCROOT}/Pods/Target Support Files/Pods-Boa/Pods-Boa-frameworks.sh\"\n";
			showEnvVarsInLog = 0;
		};
		6C2F9EEE8C86CF9281E36B28 /* [CP] Check Pods Manifest.lock */ = {
			isa = PBXShellScriptBuildPhase;
			buildActionMask = 2147483647;
			files = (
			);
			inputPaths = (
			);
			name = "[CP] Check Pods Manifest.lock";
			outputPaths = (
			);
			runOnlyForDeploymentPostprocessing = 0;
			shellPath = /bin/sh;
			shellScript = "diff \"${PODS_ROOT}/../Podfile.lock\" \"${PODS_ROOT}/Manifest.lock\" > /dev/null\nif [ $? != 0 ] ; then\n    # print error to STDERR\n    echo \"error: The sandbox is not in sync with the Podfile.lock. Run 'pod install' or update your CocoaPods installation.\" >&2\n    exit 1\nfi\n";
			showEnvVarsInLog = 0;
		};
		78D0E43B1B6B7BFA386EB952 /* [CP] Copy Pods Resources */ = {
			isa = PBXShellScriptBuildPhase;
			buildActionMask = 2147483647;
			files = (
			);
			inputPaths = (
			);
			name = "[CP] Copy Pods Resources";
			outputPaths = (
			);
			runOnlyForDeploymentPostprocessing = 0;
			shellPath = /bin/sh;
			shellScript = "\"${SRCROOT}/Pods/Target Support Files/Pods-Boa/Pods-Boa-resources.sh\"\n";
			showEnvVarsInLog = 0;
		};
/* End PBXShellScriptBuildPhase section */

/* Begin PBXSourcesBuildPhase section */
		903EDF4D1CC562CA00AF813C /* Sources */ = {
			isa = PBXSourcesBuildPhase;
			buildActionMask = 2147483647;
			files = (
				4D513D471D80C79600F6E499 /* AddCityStyle.swift in Sources */,
				4D513D411D80C79600F6E499 /* AddCityAssembly.swift in Sources */,
				4D48FC5B1D870DAE001ADC56 /* BaseStyle.swift in Sources */,
				903EDFF51CC6F3A900AF813C /* WeatherTableViewCell.swift in Sources */,
				903EE00B1CC807B100AF813C /* WeatherDataManager.swift in Sources */,
				4DBB89FD1D889FFC0076EBD5 /* WeatherDetailDataManager.swift in Sources */,
				903EDF8F1CC5AA2300AF813C /* ServiceAssembly.swift in Sources */,
				903EDFF21CC6EFCC00AF813C /* Async.swift in Sources */,
				4D34D7DE1D872B2E00F45BD9 /* UIImage+Utils.swift in Sources */,
				4D513D481D80C79600F6E499 /* AddCityViewController.swift in Sources */,
				4DBB8A011D889FFC0076EBD5 /* WeatherDetailRouter.swift in Sources */,
				4D513D431D80C79600F6E499 /* AddCityFeature.swift in Sources */,
				4D513D461D80C79600F6E499 /* AddCityRouter.swift in Sources */,
				4DBB89FC1D889FFC0076EBD5 /* WeatherDetailAssembly.swift in Sources */,
				903EE00D1CC807B100AF813C /* WeatherInteractor.swift in Sources */,
				4DBB89FE1D889FFC0076EBD5 /* WeatherDetailFeature.swift in Sources */,
				903EDFFE1CC6FFED00AF813C /* UIColor+Boa.swift in Sources */,
				4DBB8A021D889FFC0076EBD5 /* WeatherDetailStyle.swift in Sources */,
				4DBB8A001D889FFC0076EBD5 /* WeatherDetailPresenter.swift in Sources */,
				903EDF7C1CC5760400AF813C /* AppStateDaemon.swift in Sources */,
				4D0990A31D87286000B75AF7 /* WeatherTableFooterView.swift in Sources */,
				903EDFFB1CC6F9C300AF813C /* Temperature.swift in Sources */,
				903EDF8D1CC5AA1100AF813C /* WeatherService.swift in Sources */,
				4DBB8A041D889FFC0076EBD5 /* WeatherPageViewController.swift in Sources */,
				903EE00A1CC807B100AF813C /* WeatherAssembly.swift in Sources */,
				4DBB8A031D889FFC0076EBD5 /* WeatherDetailViewController.swift in Sources */,
				4D513D451D80C79600F6E499 /* AddCityPresenter.swift in Sources */,
				4D513D441D80C79600F6E499 /* AddCityInteractor.swift in Sources */,
				4D48FC411D8707A2001ADC56 /* ExpandingCellTransition.swift in Sources */,
				903EE00C1CC807B100AF813C /* WeatherFeature.swift in Sources */,
				903EE00E1CC807B100AF813C /* WeatherPresenter.swift in Sources */,
				4D513D421D80C79600F6E499 /* AddCityDataManager.swift in Sources */,
				903EDFF71CC6F7A300AF813C /* WeatherReportEntity.swift in Sources */,
				903EDF7F1CC5764A00AF813C /* DaemonAssembly.swift in Sources */,
				903EDF551CC562CA00AF813C /* AppDelegate.swift in Sources */,
				4DBB89FF1D889FFC0076EBD5 /* WeatherDetailInteractor.swift in Sources */,
				903EDF941CC5AAAF00AF813C /* CityService.swift in Sources */,
				903EE00F1CC807B100AF813C /* WeatherRouter.swift in Sources */,
				903EE0111CC807B100AF813C /* WeatherViewController.swift in Sources */,
				903EE0101CC807B100AF813C /* WeatherStyle.swift in Sources */,
				903EDF921CC5AA8100AF813C /* CityEntity.swift in Sources */,
			);
			runOnlyForDeploymentPostprocessing = 0;
		};
/* End PBXSourcesBuildPhase section */

/* Begin PBXVariantGroup section */
		903EDF5D1CC562CA00AF813C /* LaunchScreen.storyboard */ = {
			isa = PBXVariantGroup;
			children = (
				903EDF5E1CC562CA00AF813C /* Base */,
			);
			name = LaunchScreen.storyboard;
			sourceTree = "<group>";
		};
/* End PBXVariantGroup section */

/* Begin XCBuildConfiguration section */
		903EDF611CC562CA00AF813C /* Debug */ = {
			isa = XCBuildConfiguration;
			buildSettings = {
				ALWAYS_SEARCH_USER_PATHS = NO;
				CLANG_ANALYZER_NONNULL = YES;
				CLANG_CXX_LANGUAGE_STANDARD = "gnu++0x";
				CLANG_CXX_LIBRARY = "libc++";
				CLANG_ENABLE_MODULES = YES;
				CLANG_ENABLE_OBJC_ARC = YES;
				CLANG_WARN_BOOL_CONVERSION = YES;
				CLANG_WARN_CONSTANT_CONVERSION = YES;
				CLANG_WARN_DIRECT_OBJC_ISA_USAGE = YES_ERROR;
				CLANG_WARN_EMPTY_BODY = YES;
				CLANG_WARN_ENUM_CONVERSION = YES;
				CLANG_WARN_INT_CONVERSION = YES;
				CLANG_WARN_OBJC_ROOT_CLASS = YES_ERROR;
				CLANG_WARN_UNREACHABLE_CODE = YES;
				CLANG_WARN__DUPLICATE_METHOD_MATCH = YES;
				"CODE_SIGN_IDENTITY[sdk=iphoneos*]" = "iPhone Developer";
				COPY_PHASE_STRIP = NO;
				DEBUG_INFORMATION_FORMAT = dwarf;
				ENABLE_STRICT_OBJC_MSGSEND = YES;
				ENABLE_TESTABILITY = YES;
				GCC_C_LANGUAGE_STANDARD = gnu99;
				GCC_DYNAMIC_NO_PIC = NO;
				GCC_NO_COMMON_BLOCKS = YES;
				GCC_OPTIMIZATION_LEVEL = 0;
				GCC_PREPROCESSOR_DEFINITIONS = (
					"DEBUG=1",
					"$(inherited)",
				);
				GCC_WARN_64_TO_32_BIT_CONVERSION = YES;
				GCC_WARN_ABOUT_RETURN_TYPE = YES_ERROR;
				GCC_WARN_UNDECLARED_SELECTOR = YES;
				GCC_WARN_UNINITIALIZED_AUTOS = YES_AGGRESSIVE;
				GCC_WARN_UNUSED_FUNCTION = YES;
				GCC_WARN_UNUSED_VARIABLE = YES;
				IPHONEOS_DEPLOYMENT_TARGET = 9.3;
				MTL_ENABLE_DEBUG_INFO = YES;
				ONLY_ACTIVE_ARCH = YES;
				SDKROOT = iphoneos;
				SWIFT_OPTIMIZATION_LEVEL = "-Onone";
			};
			name = Debug;
		};
		903EDF621CC562CA00AF813C /* Release */ = {
			isa = XCBuildConfiguration;
			buildSettings = {
				ALWAYS_SEARCH_USER_PATHS = NO;
				CLANG_ANALYZER_NONNULL = YES;
				CLANG_CXX_LANGUAGE_STANDARD = "gnu++0x";
				CLANG_CXX_LIBRARY = "libc++";
				CLANG_ENABLE_MODULES = YES;
				CLANG_ENABLE_OBJC_ARC = YES;
				CLANG_WARN_BOOL_CONVERSION = YES;
				CLANG_WARN_CONSTANT_CONVERSION = YES;
				CLANG_WARN_DIRECT_OBJC_ISA_USAGE = YES_ERROR;
				CLANG_WARN_EMPTY_BODY = YES;
				CLANG_WARN_ENUM_CONVERSION = YES;
				CLANG_WARN_INT_CONVERSION = YES;
				CLANG_WARN_OBJC_ROOT_CLASS = YES_ERROR;
				CLANG_WARN_UNREACHABLE_CODE = YES;
				CLANG_WARN__DUPLICATE_METHOD_MATCH = YES;
				"CODE_SIGN_IDENTITY[sdk=iphoneos*]" = "iPhone Developer";
				COPY_PHASE_STRIP = NO;
				DEBUG_INFORMATION_FORMAT = "dwarf-with-dsym";
				ENABLE_NS_ASSERTIONS = NO;
				ENABLE_STRICT_OBJC_MSGSEND = YES;
				GCC_C_LANGUAGE_STANDARD = gnu99;
				GCC_NO_COMMON_BLOCKS = YES;
				GCC_WARN_64_TO_32_BIT_CONVERSION = YES;
				GCC_WARN_ABOUT_RETURN_TYPE = YES_ERROR;
				GCC_WARN_UNDECLARED_SELECTOR = YES;
				GCC_WARN_UNINITIALIZED_AUTOS = YES_AGGRESSIVE;
				GCC_WARN_UNUSED_FUNCTION = YES;
				GCC_WARN_UNUSED_VARIABLE = YES;
				IPHONEOS_DEPLOYMENT_TARGET = 9.3;
				MTL_ENABLE_DEBUG_INFO = NO;
				SDKROOT = iphoneos;
				VALIDATE_PRODUCT = YES;
			};
			name = Release;
		};
		903EDF641CC562CA00AF813C /* Debug */ = {
			isa = XCBuildConfiguration;
			baseConfigurationReference = 00EB99502BBD5D2153FD3F4A /* Pods-Boa.debug.xcconfig */;
			buildSettings = {
				ASSETCATALOG_COMPILER_APPICON_NAME = AppIcon;
				DEVELOPMENT_TEAM = EX6732J87R;
				INFOPLIST_FILE = Boa/Info.plist;
				LD_RUNPATH_SEARCH_PATHS = "$(inherited) @executable_path/Frameworks";
				PRODUCT_BUNDLE_IDENTIFIER = com.locationlabs.Boa;
				PRODUCT_NAME = "$(TARGET_NAME)";
				SWIFT_VERSION = 3.0.1;
			};
			name = Debug;
		};
		903EDF651CC562CA00AF813C /* Release */ = {
			isa = XCBuildConfiguration;
			baseConfigurationReference = 2AE8E8D279E534996978A8DB /* Pods-Boa.release.xcconfig */;
			buildSettings = {
				ASSETCATALOG_COMPILER_APPICON_NAME = AppIcon;
				DEVELOPMENT_TEAM = EX6732J87R;
				INFOPLIST_FILE = Boa/Info.plist;
				LD_RUNPATH_SEARCH_PATHS = "$(inherited) @executable_path/Frameworks";
				PRODUCT_BUNDLE_IDENTIFIER = com.locationlabs.Boa;
				PRODUCT_NAME = "$(TARGET_NAME)";
				SWIFT_VERSION = 3.0.1;
			};
			name = Release;
		};
/* End XCBuildConfiguration section */

/* Begin XCConfigurationList section */
		903EDF4C1CC562CA00AF813C /* Build configuration list for PBXProject "Boa" */ = {
			isa = XCConfigurationList;
			buildConfigurations = (
				903EDF611CC562CA00AF813C /* Debug */,
				903EDF621CC562CA00AF813C /* Release */,
			);
			defaultConfigurationIsVisible = 0;
			defaultConfigurationName = Release;
		};
		903EDF631CC562CA00AF813C /* Build configuration list for PBXNativeTarget "Boa" */ = {
			isa = XCConfigurationList;
			buildConfigurations = (
				903EDF641CC562CA00AF813C /* Debug */,
				903EDF651CC562CA00AF813C /* Release */,
			);
			defaultConfigurationIsVisible = 0;
			defaultConfigurationName = Release;
		};
/* End XCConfigurationList section */
	};
	rootObject = 903EDF491CC562CA00AF813C /* Project object */;
}
