PODS:
  - Cobra (3.0.0):
    - Cobra/DataTypes (= 3.0.0)
    - Swinject (~> 2)
    - SwinjectPropertyLoader (~> 1)
  - Cobra/DataTypes (3.0.0):
    - Swinject (~> 2)
    - SwinjectPropertyLoader (~> 1)
  - Gorgon (3.0.0):
    - Swinject (~> 2)
    - SwinjectPropertyLoader (~> 1)
  - PromiseKit/CorePromise (4.1.0)
  - Swinject (2.0.0)
  - SwinjectPropertyLoader (1.0.0):
    - Swinject (~> 2.0.0)
  - SwinjectStoryboard (1.0.0):
    - Swinject (= 2.0.0)

DEPENDENCIES:
  - Cobra (= 3.0.0)
  - Gorgon (= 3.0.0)
  - PromiseKit/CorePromise (= 4.1.0)
  - Swinject (= 2)
  - SwinjectPropertyLoader (= 1.0.0)
  - SwinjectStoryboard (= 1.0.0)

SPEC REPOS:
  https://github.com/cocoapods/specs.git:
    - Cobra
    - Gorgon
    - PromiseKit
    - Swinject
    - SwinjectPropertyLoader
    - SwinjectStoryboard

SPEC CHECKSUMS:
  Cobra: c943194f96fc856e929a484bc631746022911f13
  Gorgon: 284c4e96706a7ae95def57fd6646aac1a487fb42
  PromiseKit: c98453ff78544c0ad5bb0ea980782e6875f47978
  Swinject: 2e964a80d70ab09b3949c99032711f89147bfd60
  SwinjectPropertyLoader: 5b26a1d3a6ba44fbe61425e06aba18ed64b76f4e
  SwinjectStoryboard: 8e0d3c0202b64172bdf915d55e8dc83d9c4e7863

PODFILE CHECKSUM: 786a32157904c16e3737b6885ed6cef3914ca872

COCOAPODS: 1.6.2
